// !$*UTF8*$!
{
	archiveVersion = 1;
	classes = {
	};
	objectVersion = 50;
	objects = {

/* Begin PBXBuildFile section */
		502AED2D24D9676500E9A4AD /* mozilla_voice_stt.framework in Frameworks */ = {isa = PBXBuildFile; fileRef = 502AED2C24D9676500E9A4AD /* mozilla_voice_stt.framework */; };
		502AED3024D9677B00E9A4AD /* mozilla_voice_stt.framework in Embed Frameworks */ = {isa = PBXBuildFile; fileRef = 502AED2E24D9677000E9A4AD /* mozilla_voice_stt.framework */; settings = {ATTRIBUTES = (CodeSignOnCopy, RemoveHeadersOnCopy, ); }; };
		504EC34324CF4EFD0073C22E /* SpeechRecognitionImpl.swift in Sources */ = {isa = PBXBuildFile; fileRef = 504EC34124CF4EFD0073C22E /* SpeechRecognitionImpl.swift */; };
		504EC34424CF4EFD0073C22E /* AudioContext.swift in Sources */ = {isa = PBXBuildFile; fileRef = 504EC34224CF4EFD0073C22E /* AudioContext.swift */; };
		507CD3A324B61FEB00409BBB /* libmozilla_voice_stt.so in Frameworks */ = {isa = PBXBuildFile; fileRef = 507CD3A224B61FEA00409BBB /* libmozilla_voice_stt.so */; };
		507CD3A424B61FFC00409BBB /* libmozilla_voice_stt.so in Embed Frameworks */ = {isa = PBXBuildFile; fileRef = 507CD3A224B61FEA00409BBB /* libmozilla_voice_stt.so */; settings = {ATTRIBUTES = (CodeSignOnCopy, ); }; };
		50F787F32497683900D52237 /* AppDelegate.swift in Sources */ = {isa = PBXBuildFile; fileRef = 50F787F22497683900D52237 /* AppDelegate.swift */; };
		50F787F52497683900D52237 /* SceneDelegate.swift in Sources */ = {isa = PBXBuildFile; fileRef = 50F787F42497683900D52237 /* SceneDelegate.swift */; };
		50F787F72497683900D52237 /* ContentView.swift in Sources */ = {isa = PBXBuildFile; fileRef = 50F787F62497683900D52237 /* ContentView.swift */; };
		50F787F92497683A00D52237 /* Assets.xcassets in Resources */ = {isa = PBXBuildFile; fileRef = 50F787F82497683A00D52237 /* Assets.xcassets */; };
		50F787FC2497683A00D52237 /* Preview Assets.xcassets in Resources */ = {isa = PBXBuildFile; fileRef = 50F787FB2497683A00D52237 /* Preview Assets.xcassets */; };
		50F787FF2497683A00D52237 /* LaunchScreen.storyboard in Resources */ = {isa = PBXBuildFile; fileRef = 50F787FD2497683A00D52237 /* LaunchScreen.storyboard */; };
/* End PBXBuildFile section */

/* Begin PBXContainerItemProxy section */
		50F788062497683A00D52237 /* PBXContainerItemProxy */ = {
			isa = PBXContainerItemProxy;
			containerPortal = 50F787E72497683900D52237 /* Project object */;
			proxyType = 1;
			remoteGlobalIDString = 50F787EE2497683900D52237;
			remoteInfo = mozilla_voice_stt;
		};
		50F788112497683A00D52237 /* PBXContainerItemProxy */ = {
			isa = PBXContainerItemProxy;
			containerPortal = 50F787E72497683900D52237 /* Project object */;
			proxyType = 1;
			remoteGlobalIDString = 50F787EE2497683900D52237;
			remoteInfo = mozilla_voice_stt;
		};
/* End PBXContainerItemProxy section */

/* Begin PBXCopyFilesBuildPhase section */
		50F2B10E2498EB59007CD876 /* Embed Frameworks */ = {
			isa = PBXCopyFilesBuildPhase;
			buildActionMask = 2147483647;
			dstPath = "";
			dstSubfolderSpec = 10;
			files = (
				502AED3024D9677B00E9A4AD /* mozilla_voice_stt.framework in Embed Frameworks */,
				507CD3A424B61FFC00409BBB /* libmozilla_voice_stt.so in Embed Frameworks */,
			);
			name = "Embed Frameworks";
			runOnlyForDeploymentPostprocessing = 0;
		};
/* End PBXCopyFilesBuildPhase section */

/* Begin PBXFileReference section */
		502AED2C24D9676500E9A4AD /* mozilla_voice_stt.framework */ = {isa = PBXFileReference; explicitFileType = wrapper.framework; path = mozilla_voice_stt.framework; sourceTree = BUILT_PRODUCTS_DIR; };
		502AED2E24D9677000E9A4AD /* mozilla_voice_stt.framework */ = {isa = PBXFileReference; lastKnownFileType = wrapper.framework; name = mozilla_voice_stt.framework; path = "DerivedData/mozilla_voice_stt/Build/Products/Debug-iphoneos/mozilla_voice_stt.framework"; sourceTree = "<group>"; };
		504EC34124CF4EFD0073C22E /* SpeechRecognitionImpl.swift */ = {isa = PBXFileReference; fileEncoding = 4; lastKnownFileType = sourcecode.swift; path = SpeechRecognitionImpl.swift; sourceTree = "<group>"; };
		504EC34224CF4EFD0073C22E /* AudioContext.swift */ = {isa = PBXFileReference; fileEncoding = 4; lastKnownFileType = sourcecode.swift; path = AudioContext.swift; sourceTree = "<group>"; };
		507CD3A224B61FEA00409BBB /* libmozilla_voice_stt.so */ = {isa = PBXFileReference; lastKnownFileType = "compiled.mach-o.dylib"; path = libmozilla_voice_stt.so; sourceTree = "<group>"; };
		50F787EF2497683900D52237 /* mozilla_voice_stt_test.app */ = {isa = PBXFileReference; explicitFileType = wrapper.application; includeInIndex = 0; path = mozilla_voice_stt_test.app; sourceTree = BUILT_PRODUCTS_DIR; };
		50F787F22497683900D52237 /* AppDelegate.swift */ = {isa = PBXFileReference; lastKnownFileType = sourcecode.swift; path = AppDelegate.swift; sourceTree = "<group>"; };
		50F787F42497683900D52237 /* SceneDelegate.swift */ = {isa = PBXFileReference; lastKnownFileType = sourcecode.swift; path = SceneDelegate.swift; sourceTree = "<group>"; };
		50F787F62497683900D52237 /* ContentView.swift */ = {isa = PBXFileReference; lastKnownFileType = sourcecode.swift; path = ContentView.swift; sourceTree = "<group>"; };
		50F787F82497683A00D52237 /* Assets.xcassets */ = {isa = PBXFileReference; lastKnownFileType = folder.assetcatalog; path = Assets.xcassets; sourceTree = "<group>"; };
		50F787FB2497683A00D52237 /* Preview Assets.xcassets */ = {isa = PBXFileReference; lastKnownFileType = folder.assetcatalog; path = "Preview Assets.xcassets"; sourceTree = "<group>"; };
		50F787FE2497683A00D52237 /* Base */ = {isa = PBXFileReference; lastKnownFileType = file.storyboard; name = Base; path = Base.lproj/LaunchScreen.storyboard; sourceTree = "<group>"; };
		50F788002497683A00D52237 /* Info.plist */ = {isa = PBXFileReference; lastKnownFileType = text.plist.xml; path = Info.plist; sourceTree = "<group>"; };
		50F788052497683A00D52237 /* mozilla_voice_stt_testTests.xctest */ = {isa = PBXFileReference; explicitFileType = wrapper.cfbundle; includeInIndex = 0; path = mozilla_voice_stt_testTests.xctest; sourceTree = BUILT_PRODUCTS_DIR; };
		50F788102497683A00D52237 /* mozilla_voice_stt_testUITests.xctest */ = {isa = PBXFileReference; explicitFileType = wrapper.cfbundle; includeInIndex = 0; path = mozilla_voice_stt_testUITests.xctest; sourceTree = BUILT_PRODUCTS_DIR; };
/* End PBXFileReference section */

/* Begin PBXFrameworksBuildPhase section */
		50F787EC2497683900D52237 /* Frameworks */ = {
			isa = PBXFrameworksBuildPhase;
			buildActionMask = 2147483647;
			files = (
				507CD3A324B61FEB00409BBB /* libmozilla_voice_stt.so in Frameworks */,
				502AED2D24D9676500E9A4AD /* mozilla_voice_stt.framework in Frameworks */,
			);
			runOnlyForDeploymentPostprocessing = 0;
		};
		50F788022497683A00D52237 /* Frameworks */ = {
			isa = PBXFrameworksBuildPhase;
			buildActionMask = 2147483647;
			files = (
			);
			runOnlyForDeploymentPostprocessing = 0;
		};
		50F7880D2497683A00D52237 /* Frameworks */ = {
			isa = PBXFrameworksBuildPhase;
			buildActionMask = 2147483647;
			files = (
			);
			runOnlyForDeploymentPostprocessing = 0;
		};
/* End PBXFrameworksBuildPhase section */

/* Begin PBXGroup section */
		50F2B0FC2498D6C7007CD876 /* Frameworks */ = {
			isa = PBXGroup;
			children = (
				507CD3A224B61FEA00409BBB /* libmozilla_voice_stt.so */,
				502AED2C24D9676500E9A4AD /* mozilla_voice_stt.framework */,
			);
			name = Frameworks;
			sourceTree = "<group>";
		};
		50F787E62497683900D52237 = {
			isa = PBXGroup;
			children = (
				502AED2E24D9677000E9A4AD /* mozilla_voice_stt.framework */,
				50F787F12497683900D52237 /* mozilla_voice_stt_test */,
				50F787F02497683900D52237 /* Products */,
				50F2B0FC2498D6C7007CD876 /* Frameworks */,
			);
			sourceTree = "<group>";
		};
		50F787F02497683900D52237 /* Products */ = {
			isa = PBXGroup;
			children = (
				50F787EF2497683900D52237 /* mozilla_voice_stt_test.app */,
				50F788052497683A00D52237 /* mozilla_voice_stt_testTests.xctest */,
				50F788102497683A00D52237 /* mozilla_voice_stt_testUITests.xctest */,
			);
			name = Products;
			sourceTree = "<group>";
		};
		50F787F12497683900D52237 /* mozilla_voice_stt_test */ = {
			isa = PBXGroup;
			children = (
				504EC34224CF4EFD0073C22E /* AudioContext.swift */,
				504EC34124CF4EFD0073C22E /* SpeechRecognitionImpl.swift */,
				50F787F22497683900D52237 /* AppDelegate.swift */,
				50F787F42497683900D52237 /* SceneDelegate.swift */,
				50F787F62497683900D52237 /* ContentView.swift */,
				50F787F82497683A00D52237 /* Assets.xcassets */,
				50F787FD2497683A00D52237 /* LaunchScreen.storyboard */,
				50F788002497683A00D52237 /* Info.plist */,
				50F787FA2497683A00D52237 /* Preview Content */,
			);
			path = mozilla_voice_stt_test;
			sourceTree = "<group>";
		};
		50F787FA2497683A00D52237 /* Preview Content */ = {
			isa = PBXGroup;
			children = (
				50F787FB2497683A00D52237 /* Preview Assets.xcassets */,
			);
			path = "Preview Content";
			sourceTree = "<group>";
		};
/* End PBXGroup section */

/* Begin PBXNativeTarget section */
		50F787EE2497683900D52237 /* mozilla_voice_stt_test */ = {
			isa = PBXNativeTarget;
			buildConfigurationList = 50F788192497683A00D52237 /* Build configuration list for PBXNativeTarget "mozilla_voice_stt_test" */;
			buildPhases = (
				50F787EB2497683900D52237 /* Sources */,
				50F787EC2497683900D52237 /* Frameworks */,
				50F787ED2497683900D52237 /* Resources */,
				50F2B10E2498EB59007CD876 /* Embed Frameworks */,
			);
			buildRules = (
			);
			dependencies = (
			);
			name = mozilla_voice_stt_test;
			productName = mozilla_voice_stt;
			productReference = 50F787EF2497683900D52237 /* mozilla_voice_stt_test.app */;
			productType = "com.apple.product-type.application";
		};
		50F788042497683A00D52237 /* mozilla_voice_stt_testTests */ = {
			isa = PBXNativeTarget;
			buildConfigurationList = 50F7881C2497683A00D52237 /* Build configuration list for PBXNativeTarget "mozilla_voice_stt_testTests" */;
			buildPhases = (
				50F788012497683A00D52237 /* Sources */,
				50F788022497683A00D52237 /* Frameworks */,
				50F788032497683A00D52237 /* Resources */,
			);
			buildRules = (
			);
			dependencies = (
				50F788072497683A00D52237 /* PBXTargetDependency */,
			);
			name = mozilla_voice_stt_testTests;
			productName = mozilla_voice_sttTests;
			productReference = 50F788052497683A00D52237 /* mozilla_voice_stt_testTests.xctest */;
			productType = "com.apple.product-type.bundle.unit-test";
		};
		50F7880F2497683A00D52237 /* mozilla_voice_stt_testUITests */ = {
			isa = PBXNativeTarget;
			buildConfigurationList = 50F7881F2497683A00D52237 /* Build configuration list for PBXNativeTarget "mozilla_voice_stt_testUITests" */;
			buildPhases = (
				50F7880C2497683A00D52237 /* Sources */,
				50F7880D2497683A00D52237 /* Frameworks */,
				50F7880E2497683A00D52237 /* Resources */,
			);
			buildRules = (
			);
			dependencies = (
				50F788122497683A00D52237 /* PBXTargetDependency */,
			);
			name = mozilla_voice_stt_testUITests;
			productName = mozilla_voice_sttUITests;
			productReference = 50F788102497683A00D52237 /* mozilla_voice_stt_testUITests.xctest */;
			productType = "com.apple.product-type.bundle.ui-testing";
		};
/* End PBXNativeTarget section */

/* Begin PBXProject section */
		50F787E72497683900D52237 /* Project object */ = {
			isa = PBXProject;
			attributes = {
				LastSwiftUpdateCheck = 1150;
				LastUpgradeCheck = 1150;
				ORGANIZATIONNAME = Mozilla;
				TargetAttributes = {
					50F787EE2497683900D52237 = {
						CreatedOnToolsVersion = 11.5;
					};
					50F788042497683A00D52237 = {
						CreatedOnToolsVersion = 11.5;
						TestTargetID = 50F787EE2497683900D52237;
					};
					50F7880F2497683A00D52237 = {
						CreatedOnToolsVersion = 11.5;
						TestTargetID = 50F787EE2497683900D52237;
					};
				};
			};
			buildConfigurationList = 50F787EA2497683900D52237 /* Build configuration list for PBXProject "mozilla_voice_stt_test" */;
			compatibilityVersion = "Xcode 9.3";
			developmentRegion = en;
			hasScannedForEncodings = 0;
			knownRegions = (
				en,
				Base,
			);
			mainGroup = 50F787E62497683900D52237;
			productRefGroup = 50F787F02497683900D52237 /* Products */;
			projectDirPath = "";
			projectRoot = "";
			targets = (
				50F787EE2497683900D52237 /* mozilla_voice_stt_test */,
				50F788042497683A00D52237 /* mozilla_voice_stt_testTests */,
				50F7880F2497683A00D52237 /* mozilla_voice_stt_testUITests */,
			);
		};
/* End PBXProject section */

/* Begin PBXResourcesBuildPhase section */
		50F787ED2497683900D52237 /* Resources */ = {
			isa = PBXResourcesBuildPhase;
			buildActionMask = 2147483647;
			files = (
				50F787FF2497683A00D52237 /* LaunchScreen.storyboard in Resources */,
				50F787FC2497683A00D52237 /* Preview Assets.xcassets in Resources */,
				50F787F92497683A00D52237 /* Assets.xcassets in Resources */,
			);
			runOnlyForDeploymentPostprocessing = 0;
		};
		50F788032497683A00D52237 /* Resources */ = {
			isa = PBXResourcesBuildPhase;
			buildActionMask = 2147483647;
			files = (
			);
			runOnlyForDeploymentPostprocessing = 0;
		};
		50F7880E2497683A00D52237 /* Resources */ = {
			isa = PBXResourcesBuildPhase;
			buildActionMask = 2147483647;
			files = (
			);
			runOnlyForDeploymentPostprocessing = 0;
		};
/* End PBXResourcesBuildPhase section */

/* Begin PBXSourcesBuildPhase section */
		50F787EB2497683900D52237 /* Sources */ = {
			isa = PBXSourcesBuildPhase;
			buildActionMask = 2147483647;
			files = (
				504EC34424CF4EFD0073C22E /* AudioContext.swift in Sources */,
				50F787F32497683900D52237 /* AppDelegate.swift in Sources */,
				504EC34324CF4EFD0073C22E /* SpeechRecognitionImpl.swift in Sources */,
				50F787F52497683900D52237 /* SceneDelegate.swift in Sources */,
				50F787F72497683900D52237 /* ContentView.swift in Sources */,
			);
			runOnlyForDeploymentPostprocessing = 0;
		};
		50F788012497683A00D52237 /* Sources */ = {
			isa = PBXSourcesBuildPhase;
			buildActionMask = 2147483647;
			files = (
			);
			runOnlyForDeploymentPostprocessing = 0;
		};
		50F7880C2497683A00D52237 /* Sources */ = {
			isa = PBXSourcesBuildPhase;
			buildActionMask = 2147483647;
			files = (
			);
			runOnlyForDeploymentPostprocessing = 0;
		};
/* End PBXSourcesBuildPhase section */

/* Begin PBXTargetDependency section */
		50F788072497683A00D52237 /* PBXTargetDependency */ = {
			isa = PBXTargetDependency;
			target = 50F787EE2497683900D52237 /* mozilla_voice_stt_test */;
			targetProxy = 50F788062497683A00D52237 /* PBXContainerItemProxy */;
		};
		50F788122497683A00D52237 /* PBXTargetDependency */ = {
			isa = PBXTargetDependency;
			target = 50F787EE2497683900D52237 /* mozilla_voice_stt_test */;
			targetProxy = 50F788112497683A00D52237 /* PBXContainerItemProxy */;
		};
/* End PBXTargetDependency section */

/* Begin PBXVariantGroup section */
		50F787FD2497683A00D52237 /* LaunchScreen.storyboard */ = {
			isa = PBXVariantGroup;
			children = (
				50F787FE2497683A00D52237 /* Base */,
			);
			name = LaunchScreen.storyboard;
			sourceTree = "<group>";
		};
/* End PBXVariantGroup section */

/* Begin XCBuildConfiguration section */
		50F788172497683A00D52237 /* Debug */ = {
			isa = XCBuildConfiguration;
			buildSettings = {
				ALWAYS_SEARCH_USER_PATHS = NO;
				CLANG_ANALYZER_NONNULL = YES;
				CLANG_ANALYZER_NUMBER_OBJECT_CONVERSION = YES_AGGRESSIVE;
				CLANG_CXX_LANGUAGE_STANDARD = "gnu++14";
				CLANG_CXX_LIBRARY = "libc++";
				CLANG_ENABLE_MODULES = YES;
				CLANG_ENABLE_OBJC_ARC = YES;
				CLANG_ENABLE_OBJC_WEAK = YES;
				CLANG_WARN_BLOCK_CAPTURE_AUTORELEASING = YES;
				CLANG_WARN_BOOL_CONVERSION = YES;
				CLANG_WARN_COMMA = YES;
				CLANG_WARN_CONSTANT_CONVERSION = YES;
				CLANG_WARN_DEPRECATED_OBJC_IMPLEMENTATIONS = YES;
				CLANG_WARN_DIRECT_OBJC_ISA_USAGE = YES_ERROR;
				CLANG_WARN_DOCUMENTATION_COMMENTS = YES;
				CLANG_WARN_EMPTY_BODY = YES;
				CLANG_WARN_ENUM_CONVERSION = YES;
				CLANG_WARN_INFINITE_RECURSION = YES;
				CLANG_WARN_INT_CONVERSION = YES;
				CLANG_WARN_NON_LITERAL_NULL_CONVERSION = YES;
				CLANG_WARN_OBJC_IMPLICIT_RETAIN_SELF = YES;
				CLANG_WARN_OBJC_LITERAL_CONVERSION = YES;
				CLANG_WARN_OBJC_ROOT_CLASS = YES_ERROR;
				CLANG_WARN_RANGE_LOOP_ANALYSIS = YES;
				CLANG_WARN_STRICT_PROTOTYPES = YES;
				CLANG_WARN_SUSPICIOUS_MOVE = YES;
				CLANG_WARN_UNGUARDED_AVAILABILITY = YES_AGGRESSIVE;
				CLANG_WARN_UNREACHABLE_CODE = YES;
				CLANG_WARN__DUPLICATE_METHOD_MATCH = YES;
				COPY_PHASE_STRIP = NO;
				DEBUG_INFORMATION_FORMAT = dwarf;
				ENABLE_STRICT_OBJC_MSGSEND = YES;
				ENABLE_TESTABILITY = YES;
				GCC_C_LANGUAGE_STANDARD = gnu11;
				GCC_DYNAMIC_NO_PIC = NO;
				GCC_NO_COMMON_BLOCKS = YES;
				GCC_OPTIMIZATION_LEVEL = 0;
				GCC_PREPROCESSOR_DEFINITIONS = (
					"DEBUG=1",
					"$(inherited)",
				);
				GCC_WARN_64_TO_32_BIT_CONVERSION = YES;
				GCC_WARN_ABOUT_RETURN_TYPE = YES_ERROR;
				GCC_WARN_UNDECLARED_SELECTOR = YES;
				GCC_WARN_UNINITIALIZED_AUTOS = YES_AGGRESSIVE;
				GCC_WARN_UNUSED_FUNCTION = YES;
				GCC_WARN_UNUSED_VARIABLE = YES;
				IPHONEOS_DEPLOYMENT_TARGET = 13.5;
				MTL_ENABLE_DEBUG_INFO = INCLUDE_SOURCE;
				MTL_FAST_MATH = YES;
				ONLY_ACTIVE_ARCH = YES;
				SDKROOT = iphoneos;
				SWIFT_ACTIVE_COMPILATION_CONDITIONS = DEBUG;
				SWIFT_OPTIMIZATION_LEVEL = "-Onone";
			};
			name = Debug;
		};
		50F788182497683A00D52237 /* Release */ = {
			isa = XCBuildConfiguration;
			buildSettings = {
				ALWAYS_SEARCH_USER_PATHS = NO;
				CLANG_ANALYZER_NONNULL = YES;
				CLANG_ANALYZER_NUMBER_OBJECT_CONVERSION = YES_AGGRESSIVE;
				CLANG_CXX_LANGUAGE_STANDARD = "gnu++14";
				CLANG_CXX_LIBRARY = "libc++";
				CLANG_ENABLE_MODULES = YES;
				CLANG_ENABLE_OBJC_ARC = YES;
				CLANG_ENABLE_OBJC_WEAK = YES;
				CLANG_WARN_BLOCK_CAPTURE_AUTORELEASING = YES;
				CLANG_WARN_BOOL_CONVERSION = YES;
				CLANG_WARN_COMMA = YES;
				CLANG_WARN_CONSTANT_CONVERSION = YES;
				CLANG_WARN_DEPRECATED_OBJC_IMPLEMENTATIONS = YES;
				CLANG_WARN_DIRECT_OBJC_ISA_USAGE = YES_ERROR;
				CLANG_WARN_DOCUMENTATION_COMMENTS = YES;
				CLANG_WARN_EMPTY_BODY = YES;
				CLANG_WARN_ENUM_CONVERSION = YES;
				CLANG_WARN_INFINITE_RECURSION = YES;
				CLANG_WARN_INT_CONVERSION = YES;
				CLANG_WARN_NON_LITERAL_NULL_CONVERSION = YES;
				CLANG_WARN_OBJC_IMPLICIT_RETAIN_SELF = YES;
				CLANG_WARN_OBJC_LITERAL_CONVERSION = YES;
				CLANG_WARN_OBJC_ROOT_CLASS = YES_ERROR;
				CLANG_WARN_RANGE_LOOP_ANALYSIS = YES;
				CLANG_WARN_STRICT_PROTOTYPES = YES;
				CLANG_WARN_SUSPICIOUS_MOVE = YES;
				CLANG_WARN_UNGUARDED_AVAILABILITY = YES_AGGRESSIVE;
				CLANG_WARN_UNREACHABLE_CODE = YES;
				CLANG_WARN__DUPLICATE_METHOD_MATCH = YES;
				COPY_PHASE_STRIP = NO;
				DEBUG_INFORMATION_FORMAT = "dwarf-with-dsym";
				ENABLE_NS_ASSERTIONS = NO;
				ENABLE_STRICT_OBJC_MSGSEND = YES;
				GCC_C_LANGUAGE_STANDARD = gnu11;
				GCC_NO_COMMON_BLOCKS = YES;
				GCC_WARN_64_TO_32_BIT_CONVERSION = YES;
				GCC_WARN_ABOUT_RETURN_TYPE = YES_ERROR;
				GCC_WARN_UNDECLARED_SELECTOR = YES;
				GCC_WARN_UNINITIALIZED_AUTOS = YES_AGGRESSIVE;
				GCC_WARN_UNUSED_FUNCTION = YES;
				GCC_WARN_UNUSED_VARIABLE = YES;
				IPHONEOS_DEPLOYMENT_TARGET = 13.5;
				MTL_ENABLE_DEBUG_INFO = NO;
				MTL_FAST_MATH = YES;
				SDKROOT = iphoneos;
				SWIFT_COMPILATION_MODE = wholemodule;
				SWIFT_OPTIMIZATION_LEVEL = "-O";
				VALIDATE_PRODUCT = YES;
			};
			name = Release;
		};
		50F7881A2497683A00D52237 /* Debug */ = {
			isa = XCBuildConfiguration;
			buildSettings = {
				ASSETCATALOG_COMPILER_APPICON_NAME = AppIcon;
				CODE_SIGN_STYLE = Automatic;
				DEVELOPMENT_ASSET_PATHS = "\"mozilla_voice_stt_test/Preview Content\"";
				DEVELOPMENT_TEAM = AWCG9S27P7;
				ENABLE_PREVIEWS = YES;
				FRAMEWORK_SEARCH_PATHS = "$(PROJECT_DIR)";
				INFOPLIST_FILE = mozilla_voice_stt_test/Info.plist;
				LD_RUNPATH_SEARCH_PATHS = (
					"$(inherited)",
					"@executable_path/Frameworks",
				);
				LIBRARY_SEARCH_PATHS = (
					"$(inherited)",
					"$(PROJECT_DIR)",
				);
				PRODUCT_BUNDLE_IDENTIFIER = "org.mozilla.voice.stt-test";
				PRODUCT_NAME = "$(TARGET_NAME)";
				SWIFT_VERSION = 5.0;
				TARGETED_DEVICE_FAMILY = "1,2";
			};
			name = Debug;
		};
		50F7881B2497683A00D52237 /* Release */ = {
			isa = XCBuildConfiguration;
			buildSettings = {
				ASSETCATALOG_COMPILER_APPICON_NAME = AppIcon;
				CODE_SIGN_STYLE = Automatic;
				DEVELOPMENT_ASSET_PATHS = "\"mozilla_voice_stt_test/Preview Content\"";
				DEVELOPMENT_TEAM = AWCG9S27P7;
				ENABLE_PREVIEWS = YES;
				FRAMEWORK_SEARCH_PATHS = "$(PROJECT_DIR)";
				INFOPLIST_FILE = mozilla_voice_stt_test/Info.plist;
				LD_RUNPATH_SEARCH_PATHS = (
					"$(inherited)",
					"@executable_path/Frameworks",
				);
				LIBRARY_SEARCH_PATHS = (
					"$(inherited)",
					"$(PROJECT_DIR)",
				);
				PRODUCT_BUNDLE_IDENTIFIER = "org.mozilla.voice.stt-test";
				PRODUCT_NAME = "$(TARGET_NAME)";
				SWIFT_VERSION = 5.0;
				TARGETED_DEVICE_FAMILY = "1,2";
			};
			name = Release;
		};
		50F7881D2497683A00D52237 /* Debug */ = {
			isa = XCBuildConfiguration;
			buildSettings = {
				ALWAYS_EMBED_SWIFT_STANDARD_LIBRARIES = YES;
				BUNDLE_LOADER = "$(TEST_HOST)";
				CODE_SIGN_STYLE = Automatic;
				INFOPLIST_FILE = mozilla_voice_sttTests/Info.plist;
				IPHONEOS_DEPLOYMENT_TARGET = 13.5;
				LD_RUNPATH_SEARCH_PATHS = (
					"$(inherited)",
					"@executable_path/Frameworks",
					"@loader_path/Frameworks",
				);
				PRODUCT_BUNDLE_IDENTIFIER = "org.mozilla.voice.stt-test-testTests";
				PRODUCT_NAME = "$(TARGET_NAME)";
				SWIFT_VERSION = 5.0;
				TARGETED_DEVICE_FAMILY = "1,2";
				TEST_HOST = "$(BUILT_PRODUCTS_DIR)/mozilla_voice_stt_test.app/mozilla_voice_stt_test";
			};
			name = Debug;
		};
		50F7881E2497683A00D52237 /* Release */ = {
			isa = XCBuildConfiguration;
			buildSettings = {
				ALWAYS_EMBED_SWIFT_STANDARD_LIBRARIES = YES;
				BUNDLE_LOADER = "$(TEST_HOST)";
				CODE_SIGN_STYLE = Automatic;
				INFOPLIST_FILE = mozilla_voice_sttTests/Info.plist;
				IPHONEOS_DEPLOYMENT_TARGET = 13.5;
				LD_RUNPATH_SEARCH_PATHS = (
					"$(inherited)",
					"@executable_path/Frameworks",
					"@loader_path/Frameworks",
				);
				PRODUCT_BUNDLE_IDENTIFIER = "org.mozilla.voice.stt-test-testTests";
				PRODUCT_NAME = "$(TARGET_NAME)";
				SWIFT_VERSION = 5.0;
				TARGETED_DEVICE_FAMILY = "1,2";
				TEST_HOST = "$(BUILT_PRODUCTS_DIR)/mozilla_voice_stt_test.app/mozilla_voice_stt_test";
			};
			name = Release;
		};
		50F788202497683A00D52237 /* Debug */ = {
			isa = XCBuildConfiguration;
			buildSettings = {
				ALWAYS_EMBED_SWIFT_STANDARD_LIBRARIES = YES;
				CODE_SIGN_STYLE = Automatic;
				INFOPLIST_FILE = mozilla_voice_sttUITests/Info.plist;
				LD_RUNPATH_SEARCH_PATHS = (
					"$(inherited)",
					"@executable_path/Frameworks",
					"@loader_path/Frameworks",
				);
				PRODUCT_BUNDLE_IDENTIFIER = "org.mozilla.voice.stt-test-testUITests";
				PRODUCT_NAME = "$(TARGET_NAME)";
				SWIFT_VERSION = 5.0;
				TARGETED_DEVICE_FAMILY = "1,2";
				TEST_TARGET_NAME = mozilla_voice_stt;
			};
			name = Debug;
		};
		50F788212497683A00D52237 /* Release */ = {
			isa = XCBuildConfiguration;
			buildSettings = {
				ALWAYS_EMBED_SWIFT_STANDARD_LIBRARIES = YES;
				CODE_SIGN_STYLE = Automatic;
				INFOPLIST_FILE = mozilla_voice_sttUITests/Info.plist;
				LD_RUNPATH_SEARCH_PATHS = (
					"$(inherited)",
					"@executable_path/Frameworks",
					"@loader_path/Frameworks",
				);
				PRODUCT_BUNDLE_IDENTIFIER = "org.mozilla.voice.stt-test-testUITests";
				PRODUCT_NAME = "$(TARGET_NAME)";
				SWIFT_VERSION = 5.0;
				TARGETED_DEVICE_FAMILY = "1,2";
				TEST_TARGET_NAME = mozilla_voice_stt;
			};
			name = Release;
		};
/* End XCBuildConfiguration section */

/* Begin XCConfigurationList section */
		50F787EA2497683900D52237 /* Build configuration list for PBXProject "mozilla_voice_stt_test" */ = {
			isa = XCConfigurationList;
			buildConfigurations = (
				50F788172497683A00D52237 /* Debug */,
				50F788182497683A00D52237 /* Release */,
			);
			defaultConfigurationIsVisible = 0;
			defaultConfigurationName = Release;
		};
		50F788192497683A00D52237 /* Build configuration list for PBXNativeTarget "mozilla_voice_stt_test" */ = {
			isa = XCConfigurationList;
			buildConfigurations = (
				50F7881A2497683A00D52237 /* Debug */,
				50F7881B2497683A00D52237 /* Release */,
			);
			defaultConfigurationIsVisible = 0;
			defaultConfigurationName = Release;
		};
		50F7881C2497683A00D52237 /* Build configuration list for PBXNativeTarget "mozilla_voice_stt_testTests" */ = {
			isa = XCConfigurationList;
			buildConfigurations = (
				50F7881D2497683A00D52237 /* Debug */,
				50F7881E2497683A00D52237 /* Release */,
			);
			defaultConfigurationIsVisible = 0;
			defaultConfigurationName = Release;
		};
		50F7881F2497683A00D52237 /* Build configuration list for PBXNativeTarget "mozilla_voice_stt_testUITests" */ = {
			isa = XCConfigurationList;
			buildConfigurations = (
				50F788202497683A00D52237 /* Debug */,
				50F788212497683A00D52237 /* Release */,
			);
			defaultConfigurationIsVisible = 0;
			defaultConfigurationName = Release;
		};
/* End XCConfigurationList section */
	};
	rootObject = 50F787E72497683900D52237 /* Project object */;
}
