
Microsoft Visual Studio Solution File, Format Version 12.00
# Visual Studio 15
VisualStudioVersion = 15.0.28307.421
MinimumVisualStudioVersion = 10.0.40219.1
Project("{FAE04EC0-301F-11D3-BF4B-00C04F79EFBC}") = "MozillaVoiceStt.WPF", "MozillaVoiceStt.WPF.csproj", "{54BFD766-4305-4F4C-BA59-AF45505DF3C1}"
EndProject
Project("{FAE04EC0-301F-11D3-BF4B-00C04F79EFBC}") = "MozillaVoiceSttClient", "..\MozillaVoiceSttClient\MozillaVoiceSttClient.csproj", "{56DE4091-BBBE-47E4-852D-7268B33B971F}"
EndProject
Global
	GlobalSection(SolutionConfigurationPlatforms) = preSolution
		Debug|x64 = Debug|x64
		Release|x64 = Release|x64
	EndGlobalSection
	GlobalSection(ProjectConfigurationPlatforms) = postSolution
		{54BFD766-4305-4F4C-BA59-AF45505DF3C1}.Debug|x64.ActiveCfg = Debug|x64
		{54BFD766-4305-4F4C-BA59-AF45505DF3C1}.Debug|x64.Build.0 = Debug|x64
		{54BFD766-4305-4F4C-BA59-AF45505DF3C1}.Release|x64.ActiveCfg = Release|x64
		{54BFD766-4305-4F4C-BA59-AF45505DF3C1}.Release|x64.Build.0 = Release|x64
		{56DE4091-BBBE-47E4-852D-7268B33B971F}.Debug|x64.ActiveCfg = Debug|x64
		{56DE4091-BBBE-47E4-852D-7268B33B971F}.Debug|x64.Build.0 = Debug|x64
		{56DE4091-BBBE-47E4-852D-7268B33B971F}.Release|x64.ActiveCfg = Release|x64
		{56DE4091-BBBE-47E4-852D-7268B33B971F}.Release|x64.Build.0 = Release|x64
	EndGlobalSection
	GlobalSection(SolutionProperties) = preSolution
		HideSolutionNode = FALSE
	EndGlobalSection
	GlobalSection(ExtensibilityGlobals) = postSolution
		SolutionGuid = {19C58802-CCEC-4FD1-8D17-A6EB766116F7}
	EndGlobalSection
EndGlobal
